
Microsoft Visual Studio Solution File, Format Version 12.00
# Visual Studio Version 17
VisualStudioVersion = 17.11.35312.102
MinimumVisualStudioVersion = 10.0.40219.1
Project("{FAE04EC0-301F-11D3-BF4B-00C04F79EFBC}") = "Design Patterns", "Design Patterns\Design Patterns.csproj", "{4E4C6548-2C70-4454-B0BB-083410A6BEF4}"
EndProject
Global
	GlobalSection(SolutionConfigurationPlatforms) = preSolution
		Debug|Any CPU = Debug|Any CPU
		Release|Any CPU = Release|Any CPU
	EndGlobalSection
	GlobalSection(ProjectConfigurationPlatforms) = postSolution
		{4E4C6548-2C70-4454-B0BB-083410A6BEF4}.Debug|Any CPU.ActiveCfg = Debug|Any CPU
		{4E4C6548-2C70-4454-B0BB-083410A6BEF4}.Debug|Any CPU.Build.0 = Debug|Any CPU
		{4E4C6548-2C70-4454-B0BB-083410A6BEF4}.Release|Any CPU.ActiveCfg = Release|Any CPU
		{4E4C6548-2C70-4454-B0BB-083410A6BEF4}.Release|Any CPU.Build.0 = Release|Any CPU
	EndGlobalSection
	GlobalSection(SolutionProperties) = preSolution
		HideSolutionNode = FALSE
	EndGlobalSection
	GlobalSection(ExtensibilityGlobals) = postSolution
		SolutionGuid = {CD033067-5DCC-4EA9-9FDD-62E90CFF5F5E}
	EndGlobalSection
EndGlobal
